
Microsoft Visual Studio Solution File, Format Version 12.00
# Visual Studio Version 17
VisualStudioVersion = 17.8.34309.116
MinimumVisualStudioVersion = 10.0.40219.1
Project("{FAE04EC0-301F-11D3-BF4B-00C04F79EFBC}") = "AssistsMx", "AssistsMx.csproj", "{F3762B96-B89F-44FD-BF87-D9E31827D1A2}"
EndProject
Global
	GlobalSection(SolutionConfigurationPlatforms) = preSolution
		Debug|Any CPU = Debug|Any CPU
		Release|Any CPU = Release|Any CPU
	EndGlobalSection
	GlobalSection(ProjectConfigurationPlatforms) = postSolution
		{F3762B96-B89F-44FD-BF87-D9E31827D1A2}.Debug|Any CPU.ActiveCfg = Debug|Any CPU
		{F3762B96-B89F-44FD-BF87-D9E31827D1A2}.Debug|Any CPU.Build.0 = Debug|Any CPU
		{F3762B96-B89F-44FD-BF87-D9E31827D1A2}.Release|Any CPU.ActiveCfg = Release|Any CPU
		{F3762B96-B89F-44FD-BF87-D9E31827D1A2}.Release|Any CPU.Build.0 = Release|Any CPU
	EndGlobalSection
	GlobalSection(SolutionProperties) = preSolution
		HideSolutionNode = FALSE
	EndGlobalSection
	GlobalSection(ExtensibilityGlobals) = postSolution
		SolutionGuid = {0D83BEE6-264C-4EE7-A7EA-6C7AA06EF680}
	EndGlobalSection
EndGlobal
